
Microsoft Visual Studio Solution File, Format Version 12.00
# Visual Studio Version 16
VisualStudioVersion = 16.6.30114.105
MinimumVisualStudioVersion = 10.0.40219.1
Project("{FAE04EC0-301F-11D3-BF4B-00C04F79EFBC}") = "GameTOP", "GameTOP\GameTOP.csproj", "{6270225A-0685-4970-87EA-1105CB3E403E}"
EndProject
Project("{FAE04EC0-301F-11D3-BF4B-00C04F79EFBC}") = "GameTOP.lib", "GameTOP.Lib\GameTOP.lib.csproj", "{DA2ED9AF-367A-464F-8024-C8B765C17C49}"
EndProject
Project("{FAE04EC0-301F-11D3-BF4B-00C04F79EFBC}") = "GameTOP.Interface", "GameTOP.Interface\GameTOP.Interface.csproj", "{5A2F01B5-3195-4B28-B40D-FAAF210C32CD}"
EndProject
Global
	GlobalSection(SolutionConfigurationPlatforms) = preSolution
		Debug|Any CPU = Debug|Any CPU
		Debug|x64 = Debug|x64
		Debug|x86 = Debug|x86
		Release|Any CPU = Release|Any CPU
		Release|x64 = Release|x64
		Release|x86 = Release|x86
	EndGlobalSection
	GlobalSection(SolutionProperties) = preSolution
		HideSolutionNode = FALSE
	EndGlobalSection
	GlobalSection(ProjectConfigurationPlatforms) = postSolution
		{6270225A-0685-4970-87EA-1105CB3E403E}.Debug|Any CPU.ActiveCfg = Debug|Any CPU
		{6270225A-0685-4970-87EA-1105CB3E403E}.Debug|Any CPU.Build.0 = Debug|Any CPU
		{6270225A-0685-4970-87EA-1105CB3E403E}.Debug|x64.ActiveCfg = Debug|Any CPU
		{6270225A-0685-4970-87EA-1105CB3E403E}.Debug|x64.Build.0 = Debug|Any CPU
		{6270225A-0685-4970-87EA-1105CB3E403E}.Debug|x86.ActiveCfg = Debug|Any CPU
		{6270225A-0685-4970-87EA-1105CB3E403E}.Debug|x86.Build.0 = Debug|Any CPU
		{6270225A-0685-4970-87EA-1105CB3E403E}.Release|Any CPU.ActiveCfg = Release|Any CPU
		{6270225A-0685-4970-87EA-1105CB3E403E}.Release|Any CPU.Build.0 = Release|Any CPU
		{6270225A-0685-4970-87EA-1105CB3E403E}.Release|x64.ActiveCfg = Release|Any CPU
		{6270225A-0685-4970-87EA-1105CB3E403E}.Release|x64.Build.0 = Release|Any CPU
		{6270225A-0685-4970-87EA-1105CB3E403E}.Release|x86.ActiveCfg = Release|Any CPU
		{6270225A-0685-4970-87EA-1105CB3E403E}.Release|x86.Build.0 = Release|Any CPU
		{DA2ED9AF-367A-464F-8024-C8B765C17C49}.Debug|Any CPU.ActiveCfg = Debug|Any CPU
		{DA2ED9AF-367A-464F-8024-C8B765C17C49}.Debug|Any CPU.Build.0 = Debug|Any CPU
		{DA2ED9AF-367A-464F-8024-C8B765C17C49}.Debug|x64.ActiveCfg = Debug|Any CPU
		{DA2ED9AF-367A-464F-8024-C8B765C17C49}.Debug|x64.Build.0 = Debug|Any CPU
		{DA2ED9AF-367A-464F-8024-C8B765C17C49}.Debug|x86.ActiveCfg = Debug|Any CPU
		{DA2ED9AF-367A-464F-8024-C8B765C17C49}.Debug|x86.Build.0 = Debug|Any CPU
		{DA2ED9AF-367A-464F-8024-C8B765C17C49}.Release|Any CPU.ActiveCfg = Release|Any CPU
		{DA2ED9AF-367A-464F-8024-C8B765C17C49}.Release|Any CPU.Build.0 = Release|Any CPU
		{DA2ED9AF-367A-464F-8024-C8B765C17C49}.Release|x64.ActiveCfg = Release|Any CPU
		{DA2ED9AF-367A-464F-8024-C8B765C17C49}.Release|x64.Build.0 = Release|Any CPU
		{DA2ED9AF-367A-464F-8024-C8B765C17C49}.Release|x86.ActiveCfg = Release|Any CPU
		{DA2ED9AF-367A-464F-8024-C8B765C17C49}.Release|x86.Build.0 = Release|Any CPU
		{5A2F01B5-3195-4B28-B40D-FAAF210C32CD}.Debug|Any CPU.ActiveCfg = Debug|Any CPU
		{5A2F01B5-3195-4B28-B40D-FAAF210C32CD}.Debug|Any CPU.Build.0 = Debug|Any CPU
		{5A2F01B5-3195-4B28-B40D-FAAF210C32CD}.Debug|x64.ActiveCfg = Debug|Any CPU
		{5A2F01B5-3195-4B28-B40D-FAAF210C32CD}.Debug|x64.Build.0 = Debug|Any CPU
		{5A2F01B5-3195-4B28-B40D-FAAF210C32CD}.Debug|x86.ActiveCfg = Debug|Any CPU
		{5A2F01B5-3195-4B28-B40D-FAAF210C32CD}.Debug|x86.Build.0 = Debug|Any CPU
		{5A2F01B5-3195-4B28-B40D-FAAF210C32CD}.Release|Any CPU.ActiveCfg = Release|Any CPU
		{5A2F01B5-3195-4B28-B40D-FAAF210C32CD}.Release|Any CPU.Build.0 = Release|Any CPU
		{5A2F01B5-3195-4B28-B40D-FAAF210C32CD}.Release|x64.ActiveCfg = Release|Any CPU
		{5A2F01B5-3195-4B28-B40D-FAAF210C32CD}.Release|x64.Build.0 = Release|Any CPU
		{5A2F01B5-3195-4B28-B40D-FAAF210C32CD}.Release|x86.ActiveCfg = Release|Any CPU
		{5A2F01B5-3195-4B28-B40D-FAAF210C32CD}.Release|x86.Build.0 = Release|Any CPU
	EndGlobalSection
EndGlobal
